
Microsoft Visual Studio Solution File, Format Version 12.00
Project("{FAE04EC0-301F-11D3-BF4B-00C04F79EFBC}") = "Biblioteka", "Biblioteka\Biblioteka.csproj", "{8BC76BB6-ACFF-4356-AC59-F5A108E0C42C}"
EndProject
Global
	GlobalSection(SolutionConfigurationPlatforms) = preSolution
		Debug|Any CPU = Debug|Any CPU
		Release|Any CPU = Release|Any CPU
	EndGlobalSection
	GlobalSection(ProjectConfigurationPlatforms) = postSolution
		{8BC76BB6-ACFF-4356-AC59-F5A108E0C42C}.Debug|Any CPU.ActiveCfg = Debug|Any CPU
		{8BC76BB6-ACFF-4356-AC59-F5A108E0C42C}.Debug|Any CPU.Build.0 = Debug|Any CPU
		{8BC76BB6-ACFF-4356-AC59-F5A108E0C42C}.Release|Any CPU.ActiveCfg = Release|Any CPU
		{8BC76BB6-ACFF-4356-AC59-F5A108E0C42C}.Release|Any CPU.Build.0 = Release|Any CPU
	EndGlobalSection
EndGlobal
